{
  "nodes": {
    "nixpkgs": {
      "locked": {
        "lastModified": 1685215858,
        "narHash": "sha256-IRMFoDXA6cYx3ifVw3B2JcC4JrjT5v7tRAx2vro2Ffs=",
        "owner": "NixOS",
        "repo": "nixpkgs",
        "rev": "ba6e4ddeb3e8ad3f3e3bec63dafbc9fe558729bb",
        "type": "github"
      },
      "original": {
        "id": "nixpkgs",
        "ref": "nixos-22.11",
        "type": "indirect"
      }
    },
    "root": {
      "inputs": {
        "nixpkgs": "nixpkgs"
      }
    }
  },
  "root": "root",
  "version": 7
}
